
Microsoft Visual Studio Solution File, Format Version 12.00
# Visual Studio Version 17
VisualStudioVersion = 17.4.33213.308
MinimumVisualStudioVersion = 10.0.40219.1
Project("{9A19103F-16F7-4668-BE54-9A1E7A4F7556}") = "TheoryPractice", "TheoryPractice\TheoryPractice.csproj", "{24386893-05E8-4C5C-AE37-5C3711309832}"
EndProject
Project("{FAE04EC0-301F-11D3-BF4B-00C04F79EFBC}") = "AppUser.Management.Service", "AppUser.Management.Service\AppUser.Management.Service.csproj", "{7143A638-F1FD-4379-BFC0-353AB355418E}"
EndProject
Global
	GlobalSection(SolutionConfigurationPlatforms) = preSolution
		Debug|Any CPU = Debug|Any CPU
		Release|Any CPU = Release|Any CPU
	EndGlobalSection
	GlobalSection(ProjectConfigurationPlatforms) = postSolution
		{24386893-05E8-4C5C-AE37-5C3711309832}.Debug|Any CPU.ActiveCfg = Debug|Any CPU
		{24386893-05E8-4C5C-AE37-5C3711309832}.Debug|Any CPU.Build.0 = Debug|Any CPU
		{24386893-05E8-4C5C-AE37-5C3711309832}.Release|Any CPU.ActiveCfg = Release|Any CPU
		{24386893-05E8-4C5C-AE37-5C3711309832}.Release|Any CPU.Build.0 = Release|Any CPU
		{7143A638-F1FD-4379-BFC0-353AB355418E}.Debug|Any CPU.ActiveCfg = Debug|Any CPU
		{7143A638-F1FD-4379-BFC0-353AB355418E}.Debug|Any CPU.Build.0 = Debug|Any CPU
		{7143A638-F1FD-4379-BFC0-353AB355418E}.Release|Any CPU.ActiveCfg = Release|Any CPU
		{7143A638-F1FD-4379-BFC0-353AB355418E}.Release|Any CPU.Build.0 = Release|Any CPU
	EndGlobalSection
	GlobalSection(SolutionProperties) = preSolution
		HideSolutionNode = FALSE
	EndGlobalSection
	GlobalSection(ExtensibilityGlobals) = postSolution
		SolutionGuid = {5D0AE479-9A17-44C1-96FE-B6F2D7914491}
	EndGlobalSection
EndGlobal
